PODS:
  - Flutter (1.0.0)
  - ppg_core (0.0.7):
    - Flutter
    - PpgCoreSDK
  - PpgCoreSDK (0.0.11)

DEPENDENCIES:
  - Flutter (from `Flutter`)
  - ppg_core (from `.symlinks/plugins/ppg_core/ios`)
  - PpgCoreSDK (~> 0.0.11)

SPEC REPOS:
  trunk:
    - PpgCoreSDK

EXTERNAL SOURCES:
  Flutter:
    :path: Flutter
  ppg_core:
    :path: ".symlinks/plugins/ppg_core/ios"

SPEC CHECKSUMS:
  Flutter: f04841e97a9d0b0a8025694d0796dd46242b2854
  ppg_core: e97979351739d376ec0cd2f3bdf99ddec0579dc2
  PpgCoreSDK: 7733c4e4675d137d74ad72fda42cf8084a4555a0

PODFILE CHECKSUM: a3ecdbdbbf6504143e151620b4eb78a67108753d

COCOAPODS: 1.12.1
